
Microsoft Visual Studio Solution File, Format Version 12.00
# Visual Studio Version 17
VisualStudioVersion = 17.6.33815.320
MinimumVisualStudioVersion = 10.0.40219.1
Project("{FAE04EC0-301F-11D3-BF4B-00C04F79EFBC}") = "WhatWhere.Mvc", "WhatWhere.Mvc\WhatWhere.Mvc.csproj", "{96B7A09C-E08E-4869-A87C-124CAA0F17DB}"
EndProject
Global
	GlobalSection(SolutionConfigurationPlatforms) = preSolution
		Debug|Any CPU = Debug|Any CPU
		Release|Any CPU = Release|Any CPU
	EndGlobalSection
	GlobalSection(ProjectConfigurationPlatforms) = postSolution
		{96B7A09C-E08E-4869-A87C-124CAA0F17DB}.Debug|Any CPU.ActiveCfg = Debug|Any CPU
		{96B7A09C-E08E-4869-A87C-124CAA0F17DB}.Debug|Any CPU.Build.0 = Debug|Any CPU
		{96B7A09C-E08E-4869-A87C-124CAA0F17DB}.Release|Any CPU.ActiveCfg = Release|Any CPU
		{96B7A09C-E08E-4869-A87C-124CAA0F17DB}.Release|Any CPU.Build.0 = Release|Any CPU
	EndGlobalSection
	GlobalSection(SolutionProperties) = preSolution
		HideSolutionNode = FALSE
	EndGlobalSection
	GlobalSection(ExtensibilityGlobals) = postSolution
		SolutionGuid = {25DA415B-3644-4D31-85BA-86EC8ADBE8C5}
	EndGlobalSection
EndGlobal
